// !$*UTF8*$!
{
	archiveVersion = 1;
	classes = {
	};
	objectVersion = 55;
	objects = {

/* Begin PBXBuildFile section */
		6B1E0720277127A500276230 /* WeatherAppSwiftUI_CombineApp.swift in Sources */ = {isa = PBXBuildFile; fileRef = 6B1E071F277127A500276230 /* WeatherAppSwiftUI_CombineApp.swift */; };
		6B1E0724277127A700276230 /* Assets.xcassets in Resources */ = {isa = PBXBuildFile; fileRef = 6B1E0723277127A700276230 /* Assets.xcassets */; };
		6B1E0727277127A700276230 /* Preview Assets.xcassets in Resources */ = {isa = PBXBuildFile; fileRef = 6B1E0726277127A700276230 /* Preview Assets.xcassets */; };
		6B1E074F277128CE00276230 /* CoreDataService.swift in Sources */ = {isa = PBXBuildFile; fileRef = 6B1E074E277128CE00276230 /* CoreDataService.swift */; };
		6B1E0752277128FB00276230 /* CoreData.xcdatamodeld in Sources */ = {isa = PBXBuildFile; fileRef = 6B1E0750277128FB00276230 /* CoreData.xcdatamodeld */; };
		6B1E07562771291300276230 /* APIService.swift in Sources */ = {isa = PBXBuildFile; fileRef = 6B1E07552771291300276230 /* APIService.swift */; };
		6B6847572771D09600149757 /* LocationManager.swift in Sources */ = {isa = PBXBuildFile; fileRef = 6B6847562771D09600149757 /* LocationManager.swift */; };
		6B6847592771DE3400149757 /* UIApplication.swift in Sources */ = {isa = PBXBuildFile; fileRef = 6B6847582771DE3400149757 /* UIApplication.swift */; };
		6B68475D2772469900149757 /* CurrentWeatherView.swift in Sources */ = {isa = PBXBuildFile; fileRef = 6B68475C2772469900149757 /* CurrentWeatherView.swift */; };
		6B68476727725D1600149757 /* Double.swift in Sources */ = {isa = PBXBuildFile; fileRef = 6B68476627725D1600149757 /* Double.swift */; };
		6B68476B27726B8400149757 /* Date.swift in Sources */ = {isa = PBXBuildFile; fileRef = 6B68476A27726B8400149757 /* Date.swift */; };
		6B68476D2772861A00149757 /* ChartView.swift in Sources */ = {isa = PBXBuildFile; fileRef = 6B68476C2772861A00149757 /* ChartView.swift */; };
		6B6847932772959000149757 /* TodayForecast.swift in Sources */ = {isa = PBXBuildFile; fileRef = 6B6847922772959000149757 /* TodayForecast.swift */; };
		6B6847AC2773347A00149757 /* WeatherAppSwiftUI_CombineTests.swift in Sources */ = {isa = PBXBuildFile; fileRef = 6B6847AB2773347A00149757 /* WeatherAppSwiftUI_CombineTests.swift */; };
		6B7F880D27712DBE009DFCE0 /* Store.swift in Sources */ = {isa = PBXBuildFile; fileRef = 6B7F880C27712DBE009DFCE0 /* Store.swift */; };
/* End PBXBuildFile section */

/* Begin PBXContainerItemProxy section */
		6B6847AD2773347A00149757 /* PBXContainerItemProxy */ = {
			isa = PBXContainerItemProxy;
			containerPortal = 6B1E0714277127A500276230 /* Project object */;
			proxyType = 1;
			remoteGlobalIDString = 6B1E071B277127A500276230;
			remoteInfo = "WeatherAppSwiftUI+Combine";
		};
/* End PBXContainerItemProxy section */

/* Begin PBXFileReference section */
		6B1E071C277127A500276230 /* WeatherAppSwiftUI+Combine.app */ = {isa = PBXFileReference; explicitFileType = wrapper.application; includeInIndex = 0; path = "WeatherAppSwiftUI+Combine.app"; sourceTree = BUILT_PRODUCTS_DIR; };
		6B1E071F277127A500276230 /* WeatherAppSwiftUI_CombineApp.swift */ = {isa = PBXFileReference; lastKnownFileType = sourcecode.swift; path = WeatherAppSwiftUI_CombineApp.swift; sourceTree = "<group>"; };
		6B1E0723277127A700276230 /* Assets.xcassets */ = {isa = PBXFileReference; lastKnownFileType = folder.assetcatalog; path = Assets.xcassets; sourceTree = "<group>"; };
		6B1E0726277127A700276230 /* Preview Assets.xcassets */ = {isa = PBXFileReference; lastKnownFileType = folder.assetcatalog; path = "Preview Assets.xcassets"; sourceTree = "<group>"; };
		6B1E074E277128CE00276230 /* CoreDataService.swift */ = {isa = PBXFileReference; fileEncoding = 4; lastKnownFileType = sourcecode.swift; path = CoreDataService.swift; sourceTree = "<group>"; };
		6B1E0751277128FB00276230 /* CoreData.xcdatamodel */ = {isa = PBXFileReference; lastKnownFileType = wrapper.xcdatamodel; path = CoreData.xcdatamodel; sourceTree = "<group>"; };
		6B1E07552771291300276230 /* APIService.swift */ = {isa = PBXFileReference; fileEncoding = 4; lastKnownFileType = sourcecode.swift; path = APIService.swift; sourceTree = "<group>"; };
		6B6847562771D09600149757 /* LocationManager.swift */ = {isa = PBXFileReference; lastKnownFileType = sourcecode.swift; path = LocationManager.swift; sourceTree = "<group>"; };
		6B6847582771DE3400149757 /* UIApplication.swift */ = {isa = PBXFileReference; fileEncoding = 4; lastKnownFileType = sourcecode.swift; path = UIApplication.swift; sourceTree = "<group>"; };
		6B68475C2772469900149757 /* CurrentWeatherView.swift */ = {isa = PBXFileReference; lastKnownFileType = sourcecode.swift; path = CurrentWeatherView.swift; sourceTree = "<group>"; };
		6B68476627725D1600149757 /* Double.swift */ = {isa = PBXFileReference; fileEncoding = 4; lastKnownFileType = sourcecode.swift; path = Double.swift; sourceTree = "<group>"; };
		6B68476A27726B8400149757 /* Date.swift */ = {isa = PBXFileReference; fileEncoding = 4; lastKnownFileType = sourcecode.swift; path = Date.swift; sourceTree = "<group>"; };
		6B68476C2772861A00149757 /* ChartView.swift */ = {isa = PBXFileReference; lastKnownFileType = sourcecode.swift; path = ChartView.swift; sourceTree = "<group>"; };
		6B6847922772959000149757 /* TodayForecast.swift */ = {isa = PBXFileReference; lastKnownFileType = sourcecode.swift; path = TodayForecast.swift; sourceTree = "<group>"; };
		6B6847A92773347A00149757 /* WeatherAppSwiftUI+CombineTests.xctest */ = {isa = PBXFileReference; explicitFileType = wrapper.cfbundle; includeInIndex = 0; path = "WeatherAppSwiftUI+CombineTests.xctest"; sourceTree = BUILT_PRODUCTS_DIR; };
		6B6847AB2773347A00149757 /* WeatherAppSwiftUI_CombineTests.swift */ = {isa = PBXFileReference; lastKnownFileType = sourcecode.swift; path = WeatherAppSwiftUI_CombineTests.swift; sourceTree = "<group>"; };
		6B7F880C27712DBE009DFCE0 /* Store.swift */ = {isa = PBXFileReference; lastKnownFileType = sourcecode.swift; path = Store.swift; sourceTree = "<group>"; };
/* End PBXFileReference section */

/* Begin PBXFrameworksBuildPhase section */
		6B1E0719277127A500276230 /* Frameworks */ = {
			isa = PBXFrameworksBuildPhase;
			buildActionMask = 2147483647;
			files = (
			);
			runOnlyForDeploymentPostprocessing = 0;
		};
		6B6847A62773347A00149757 /* Frameworks */ = {
			isa = PBXFrameworksBuildPhase;
			buildActionMask = 2147483647;
			files = (
			);
			runOnlyForDeploymentPostprocessing = 0;
		};
/* End PBXFrameworksBuildPhase section */

/* Begin PBXGroup section */
		6B1E0713277127A500276230 = {
			isa = PBXGroup;
			children = (
				6B1E071E277127A500276230 /* WeatherAppSwiftUI+Combine */,
				6B6847AA2773347A00149757 /* WeatherAppSwiftUI+CombineTests */,
				6B1E071D277127A500276230 /* Products */,
			);
			sourceTree = "<group>";
		};
		6B1E071D277127A500276230 /* Products */ = {
			isa = PBXGroup;
			children = (
				6B1E071C277127A500276230 /* WeatherAppSwiftUI+Combine.app */,
				6B6847A92773347A00149757 /* WeatherAppSwiftUI+CombineTests.xctest */,
			);
			name = Products;
			sourceTree = "<group>";
		};
		6B1E071E277127A500276230 /* WeatherAppSwiftUI+Combine */ = {
			isa = PBXGroup;
			children = (
				6B68475E2772542900149757 /* Model */,
				6B6847612772545800149757 /* Views */,
				6B6847622772546200149757 /* ViewModels */,
				6B68475F2772544200149757 /* Utilities */,
				6B6847602772544E00149757 /* Extensions */,
				6B684763277254BF00149757 /* System */,
				6B1E0725277127A700276230 /* Preview Content */,
			);
			path = "WeatherAppSwiftUI+Combine";
			sourceTree = "<group>";
		};
		6B1E0725277127A700276230 /* Preview Content */ = {
			isa = PBXGroup;
			children = (
				6B1E0726277127A700276230 /* Preview Assets.xcassets */,
			);
			path = "Preview Content";
			sourceTree = "<group>";
		};
		6B68475E2772542900149757 /* Model */ = {
			isa = PBXGroup;
			children = (
				6B1E0750277128FB00276230 /* CoreData.xcdatamodeld */,
				6B6847922772959000149757 /* TodayForecast.swift */,
			);
			path = Model;
			sourceTree = "<group>";
		};
		6B68475F2772544200149757 /* Utilities */ = {
			isa = PBXGroup;
			children = (
				6B1E074E277128CE00276230 /* CoreDataService.swift */,
				6B1E07552771291300276230 /* APIService.swift */,
				6B6847562771D09600149757 /* LocationManager.swift */,
			);
			path = Utilities;
			sourceTree = "<group>";
		};
		6B6847602772544E00149757 /* Extensions */ = {
			isa = PBXGroup;
			children = (
				6B68476A27726B8400149757 /* Date.swift */,
				6B68476627725D1600149757 /* Double.swift */,
				6B6847582771DE3400149757 /* UIApplication.swift */,
			);
			path = Extensions;
			sourceTree = "<group>";
		};
		6B6847612772545800149757 /* Views */ = {
			isa = PBXGroup;
			children = (
				6B68475C2772469900149757 /* CurrentWeatherView.swift */,
				6B68476C2772861A00149757 /* ChartView.swift */,
			);
			path = Views;
			sourceTree = "<group>";
		};
		6B6847622772546200149757 /* ViewModels */ = {
			isa = PBXGroup;
			children = (
				6B7F880C27712DBE009DFCE0 /* Store.swift */,
			);
			path = ViewModels;
			sourceTree = "<group>";
		};
		6B684763277254BF00149757 /* System */ = {
			isa = PBXGroup;
			children = (
				6B1E0723277127A700276230 /* Assets.xcassets */,
				6B1E071F277127A500276230 /* WeatherAppSwiftUI_CombineApp.swift */,
			);
			path = System;
			sourceTree = "<group>";
		};
		6B6847AA2773347A00149757 /* WeatherAppSwiftUI+CombineTests */ = {
			isa = PBXGroup;
			children = (
				6B6847AB2773347A00149757 /* WeatherAppSwiftUI_CombineTests.swift */,
			);
			path = "WeatherAppSwiftUI+CombineTests";
			sourceTree = "<group>";
		};
/* End PBXGroup section */

/* Begin PBXNativeTarget section */
		6B1E071B277127A500276230 /* WeatherAppSwiftUI+Combine */ = {
			isa = PBXNativeTarget;
			buildConfigurationList = 6B1E0745277127A700276230 /* Build configuration list for PBXNativeTarget "WeatherAppSwiftUI+Combine" */;
			buildPhases = (
				6B1E0718277127A500276230 /* Sources */,
				6B1E0719277127A500276230 /* Frameworks */,
				6B1E071A277127A500276230 /* Resources */,
			);
			buildRules = (
			);
			dependencies = (
			);
			name = "WeatherAppSwiftUI+Combine";
			productName = "WeatherAppSwiftUI+Combine";
			productReference = 6B1E071C277127A500276230 /* WeatherAppSwiftUI+Combine.app */;
			productType = "com.apple.product-type.application";
		};
		6B6847A82773347A00149757 /* WeatherAppSwiftUI+CombineTests */ = {
			isa = PBXNativeTarget;
			buildConfigurationList = 6B6847AF2773347A00149757 /* Build configuration list for PBXNativeTarget "WeatherAppSwiftUI+CombineTests" */;
			buildPhases = (
				6B6847A52773347A00149757 /* Sources */,
				6B6847A62773347A00149757 /* Frameworks */,
				6B6847A72773347A00149757 /* Resources */,
			);
			buildRules = (
			);
			dependencies = (
				6B6847AE2773347A00149757 /* PBXTargetDependency */,
			);
			name = "WeatherAppSwiftUI+CombineTests";
			productName = "WeatherAppSwiftUI+CombineTests";
			productReference = 6B6847A92773347A00149757 /* WeatherAppSwiftUI+CombineTests.xctest */;
			productType = "com.apple.product-type.bundle.unit-test";
		};
/* End PBXNativeTarget section */

/* Begin PBXProject section */
		6B1E0714277127A500276230 /* Project object */ = {
			isa = PBXProject;
			attributes = {
				BuildIndependentTargetsInParallel = 1;
				LastSwiftUpdateCheck = 1320;
				LastUpgradeCheck = 1320;
				TargetAttributes = {
					6B1E071B277127A500276230 = {
						CreatedOnToolsVersion = 13.2;
					};
					6B6847A82773347A00149757 = {
						CreatedOnToolsVersion = 13.2.1;
						TestTargetID = 6B1E071B277127A500276230;
					};
				};
			};
			buildConfigurationList = 6B1E0717277127A500276230 /* Build configuration list for PBXProject "WeatherAppSwiftUI+Combine" */;
			compatibilityVersion = "Xcode 13.0";
			developmentRegion = en;
			hasScannedForEncodings = 0;
			knownRegions = (
				en,
				Base,
			);
			mainGroup = 6B1E0713277127A500276230;
			productRefGroup = 6B1E071D277127A500276230 /* Products */;
			projectDirPath = "";
			projectRoot = "";
			targets = (
				6B1E071B277127A500276230 /* WeatherAppSwiftUI+Combine */,
				6B6847A82773347A00149757 /* WeatherAppSwiftUI+CombineTests */,
			);
		};
/* End PBXProject section */

/* Begin PBXResourcesBuildPhase section */
		6B1E071A277127A500276230 /* Resources */ = {
			isa = PBXResourcesBuildPhase;
			buildActionMask = 2147483647;
			files = (
				6B1E0727277127A700276230 /* Preview Assets.xcassets in Resources */,
				6B1E0724277127A700276230 /* Assets.xcassets in Resources */,
			);
			runOnlyForDeploymentPostprocessing = 0;
		};
		6B6847A72773347A00149757 /* Resources */ = {
			isa = PBXResourcesBuildPhase;
			buildActionMask = 2147483647;
			files = (
			);
			runOnlyForDeploymentPostprocessing = 0;
		};
/* End PBXResourcesBuildPhase section */

/* Begin PBXSourcesBuildPhase section */
		6B1E0718277127A500276230 /* Sources */ = {
			isa = PBXSourcesBuildPhase;
			buildActionMask = 2147483647;
			files = (
				6B7F880D27712DBE009DFCE0 /* Store.swift in Sources */,
				6B68476D2772861A00149757 /* ChartView.swift in Sources */,
				6B1E0752277128FB00276230 /* CoreData.xcdatamodeld in Sources */,
				6B68475D2772469900149757 /* CurrentWeatherView.swift in Sources */,
				6B1E074F277128CE00276230 /* CoreDataService.swift in Sources */,
				6B6847592771DE3400149757 /* UIApplication.swift in Sources */,
				6B6847572771D09600149757 /* LocationManager.swift in Sources */,
				6B68476B27726B8400149757 /* Date.swift in Sources */,
				6B1E07562771291300276230 /* APIService.swift in Sources */,
				6B68476727725D1600149757 /* Double.swift in Sources */,
				6B1E0720277127A500276230 /* WeatherAppSwiftUI_CombineApp.swift in Sources */,
				6B6847932772959000149757 /* TodayForecast.swift in Sources */,
			);
			runOnlyForDeploymentPostprocessing = 0;
		};
		6B6847A52773347A00149757 /* Sources */ = {
			isa = PBXSourcesBuildPhase;
			buildActionMask = 2147483647;
			files = (
				6B6847AC2773347A00149757 /* WeatherAppSwiftUI_CombineTests.swift in Sources */,
			);
			runOnlyForDeploymentPostprocessing = 0;
		};
/* End PBXSourcesBuildPhase section */

/* Begin PBXTargetDependency section */
		6B6847AE2773347A00149757 /* PBXTargetDependency */ = {
			isa = PBXTargetDependency;
			target = 6B1E071B277127A500276230 /* WeatherAppSwiftUI+Combine */;
			targetProxy = 6B6847AD2773347A00149757 /* PBXContainerItemProxy */;
		};
/* End PBXTargetDependency section */

/* Begin XCBuildConfiguration section */
		6B1E0743277127A700276230 /* Debug */ = {
			isa = XCBuildConfiguration;
			buildSettings = {
				ALWAYS_SEARCH_USER_PATHS = NO;
				CLANG_ANALYZER_NONNULL = YES;
				CLANG_ANALYZER_NUMBER_OBJECT_CONVERSION = YES_AGGRESSIVE;
				CLANG_CXX_LANGUAGE_STANDARD = "gnu++17";
				CLANG_CXX_LIBRARY = "libc++";
				CLANG_ENABLE_MODULES = YES;
				CLANG_ENABLE_OBJC_ARC = YES;
				CLANG_ENABLE_OBJC_WEAK = YES;
				CLANG_WARN_BLOCK_CAPTURE_AUTORELEASING = YES;
				CLANG_WARN_BOOL_CONVERSION = YES;
				CLANG_WARN_COMMA = YES;
				CLANG_WARN_CONSTANT_CONVERSION = YES;
				CLANG_WARN_DEPRECATED_OBJC_IMPLEMENTATIONS = YES;
				CLANG_WARN_DIRECT_OBJC_ISA_USAGE = YES_ERROR;
				CLANG_WARN_DOCUMENTATION_COMMENTS = YES;
				CLANG_WARN_EMPTY_BODY = YES;
				CLANG_WARN_ENUM_CONVERSION = YES;
				CLANG_WARN_INFINITE_RECURSION = YES;
				CLANG_WARN_INT_CONVERSION = YES;
				CLANG_WARN_NON_LITERAL_NULL_CONVERSION = YES;
				CLANG_WARN_OBJC_IMPLICIT_RETAIN_SELF = YES;
				CLANG_WARN_OBJC_LITERAL_CONVERSION = YES;
				CLANG_WARN_OBJC_ROOT_CLASS = YES_ERROR;
				CLANG_WARN_QUOTED_INCLUDE_IN_FRAMEWORK_HEADER = YES;
				CLANG_WARN_RANGE_LOOP_ANALYSIS = YES;
				CLANG_WARN_STRICT_PROTOTYPES = YES;
				CLANG_WARN_SUSPICIOUS_MOVE = YES;
				CLANG_WARN_UNGUARDED_AVAILABILITY = YES_AGGRESSIVE;
				CLANG_WARN_UNREACHABLE_CODE = YES;
				CLANG_WARN__DUPLICATE_METHOD_MATCH = YES;
				COPY_PHASE_STRIP = NO;
				DEBUG_INFORMATION_FORMAT = dwarf;
				ENABLE_STRICT_OBJC_MSGSEND = YES;
				ENABLE_TESTABILITY = YES;
				GCC_C_LANGUAGE_STANDARD = gnu11;
				GCC_DYNAMIC_NO_PIC = NO;
				GCC_NO_COMMON_BLOCKS = YES;
				GCC_OPTIMIZATION_LEVEL = 0;
				GCC_PREPROCESSOR_DEFINITIONS = (
					"DEBUG=1",
					"$(inherited)",
				);
				GCC_WARN_64_TO_32_BIT_CONVERSION = YES;
				GCC_WARN_ABOUT_RETURN_TYPE = YES_ERROR;
				GCC_WARN_UNDECLARED_SELECTOR = YES;
				GCC_WARN_UNINITIALIZED_AUTOS = YES_AGGRESSIVE;
				GCC_WARN_UNUSED_FUNCTION = YES;
				GCC_WARN_UNUSED_VARIABLE = YES;
				IPHONEOS_DEPLOYMENT_TARGET = 15.2;
				MTL_ENABLE_DEBUG_INFO = INCLUDE_SOURCE;
				MTL_FAST_MATH = YES;
				ONLY_ACTIVE_ARCH = YES;
				SDKROOT = iphoneos;
				SWIFT_ACTIVE_COMPILATION_CONDITIONS = DEBUG;
				SWIFT_OPTIMIZATION_LEVEL = "-Onone";
			};
			name = Debug;
		};
		6B1E0744277127A700276230 /* Release */ = {
			isa = XCBuildConfiguration;
			buildSettings = {
				ALWAYS_SEARCH_USER_PATHS = NO;
				CLANG_ANALYZER_NONNULL = YES;
				CLANG_ANALYZER_NUMBER_OBJECT_CONVERSION = YES_AGGRESSIVE;
				CLANG_CXX_LANGUAGE_STANDARD = "gnu++17";
				CLANG_CXX_LIBRARY = "libc++";
				CLANG_ENABLE_MODULES = YES;
				CLANG_ENABLE_OBJC_ARC = YES;
				CLANG_ENABLE_OBJC_WEAK = YES;
				CLANG_WARN_BLOCK_CAPTURE_AUTORELEASING = YES;
				CLANG_WARN_BOOL_CONVERSION = YES;
				CLANG_WARN_COMMA = YES;
				CLANG_WARN_CONSTANT_CONVERSION = YES;
				CLANG_WARN_DEPRECATED_OBJC_IMPLEMENTATIONS = YES;
				CLANG_WARN_DIRECT_OBJC_ISA_USAGE = YES_ERROR;
				CLANG_WARN_DOCUMENTATION_COMMENTS = YES;
				CLANG_WARN_EMPTY_BODY = YES;
				CLANG_WARN_ENUM_CONVERSION = YES;
				CLANG_WARN_INFINITE_RECURSION = YES;
				CLANG_WARN_INT_CONVERSION = YES;
				CLANG_WARN_NON_LITERAL_NULL_CONVERSION = YES;
				CLANG_WARN_OBJC_IMPLICIT_RETAIN_SELF = YES;
				CLANG_WARN_OBJC_LITERAL_CONVERSION = YES;
				CLANG_WARN_OBJC_ROOT_CLASS = YES_ERROR;
				CLANG_WARN_QUOTED_INCLUDE_IN_FRAMEWORK_HEADER = YES;
				CLANG_WARN_RANGE_LOOP_ANALYSIS = YES;
				CLANG_WARN_STRICT_PROTOTYPES = YES;
				CLANG_WARN_SUSPICIOUS_MOVE = YES;
				CLANG_WARN_UNGUARDED_AVAILABILITY = YES_AGGRESSIVE;
				CLANG_WARN_UNREACHABLE_CODE = YES;
				CLANG_WARN__DUPLICATE_METHOD_MATCH = YES;
				COPY_PHASE_STRIP = NO;
				DEBUG_INFORMATION_FORMAT = "dwarf-with-dsym";
				ENABLE_NS_ASSERTIONS = NO;
				ENABLE_STRICT_OBJC_MSGSEND = YES;
				GCC_C_LANGUAGE_STANDARD = gnu11;
				GCC_NO_COMMON_BLOCKS = YES;
				GCC_WARN_64_TO_32_BIT_CONVERSION = YES;
				GCC_WARN_ABOUT_RETURN_TYPE = YES_ERROR;
				GCC_WARN_UNDECLARED_SELECTOR = YES;
				GCC_WARN_UNINITIALIZED_AUTOS = YES_AGGRESSIVE;
				GCC_WARN_UNUSED_FUNCTION = YES;
				GCC_WARN_UNUSED_VARIABLE = YES;
				IPHONEOS_DEPLOYMENT_TARGET = 15.2;
				MTL_ENABLE_DEBUG_INFO = NO;
				MTL_FAST_MATH = YES;
				SDKROOT = iphoneos;
				SWIFT_COMPILATION_MODE = wholemodule;
				SWIFT_OPTIMIZATION_LEVEL = "-O";
				VALIDATE_PRODUCT = YES;
			};
			name = Release;
		};
		6B1E0746277127A700276230 /* Debug */ = {
			isa = XCBuildConfiguration;
			buildSettings = {
				ASSETCATALOG_COMPILER_APPICON_NAME = AppIcon;
				ASSETCATALOG_COMPILER_GLOBAL_ACCENT_COLOR_NAME = AccentColor;
				CODE_SIGN_STYLE = Automatic;
				CURRENT_PROJECT_VERSION = 1;
				DEVELOPMENT_ASSET_PATHS = "\"WeatherAppSwiftUI+Combine/Preview Content\"";
				DEVELOPMENT_TEAM = XWJ7U5B2BL;
				ENABLE_PREVIEWS = YES;
				GENERATE_INFOPLIST_FILE = YES;
				INFOPLIST_KEY_NSLocationWhenInUseUsageDescription = "App needs access to your location";
				INFOPLIST_KEY_UIApplicationSceneManifest_Generation = YES;
				INFOPLIST_KEY_UIApplicationSupportsIndirectInputEvents = YES;
				INFOPLIST_KEY_UILaunchScreen_Generation = YES;
				INFOPLIST_KEY_UISupportedInterfaceOrientations_iPad = "UIInterfaceOrientationPortrait UIInterfaceOrientationPortraitUpsideDown UIInterfaceOrientationLandscapeLeft UIInterfaceOrientationLandscapeRight";
				INFOPLIST_KEY_UISupportedInterfaceOrientations_iPhone = "UIInterfaceOrientationPortrait UIInterfaceOrientationLandscapeLeft UIInterfaceOrientationLandscapeRight";
				IPHONEOS_DEPLOYMENT_TARGET = 14.0;
				LD_RUNPATH_SEARCH_PATHS = (
					"$(inherited)",
					"@executable_path/Frameworks",
				);
				MARKETING_VERSION = 1.0;
				PRODUCT_BUNDLE_IDENTIFIER = "WeatherAppSwiftUI-Combine.app";
				PRODUCT_NAME = "$(TARGET_NAME)";
				SWIFT_EMIT_LOC_STRINGS = YES;
				SWIFT_VERSION = 5.0;
				TARGETED_DEVICE_FAMILY = "1,2";
			};
			name = Debug;
		};
		6B1E0747277127A700276230 /* Release */ = {
			isa = XCBuildConfiguration;
			buildSettings = {
				ASSETCATALOG_COMPILER_APPICON_NAME = AppIcon;
				ASSETCATALOG_COMPILER_GLOBAL_ACCENT_COLOR_NAME = AccentColor;
				CODE_SIGN_STYLE = Automatic;
				CURRENT_PROJECT_VERSION = 1;
				DEVELOPMENT_ASSET_PATHS = "\"WeatherAppSwiftUI+Combine/Preview Content\"";
				DEVELOPMENT_TEAM = XWJ7U5B2BL;
				ENABLE_PREVIEWS = YES;
				GENERATE_INFOPLIST_FILE = YES;
				INFOPLIST_KEY_NSLocationWhenInUseUsageDescription = "App needs access to your location";
				INFOPLIST_KEY_UIApplicationSceneManifest_Generation = YES;
				INFOPLIST_KEY_UIApplicationSupportsIndirectInputEvents = YES;
				INFOPLIST_KEY_UILaunchScreen_Generation = YES;
				INFOPLIST_KEY_UISupportedInterfaceOrientations_iPad = "UIInterfaceOrientationPortrait UIInterfaceOrientationPortraitUpsideDown UIInterfaceOrientationLandscapeLeft UIInterfaceOrientationLandscapeRight";
				INFOPLIST_KEY_UISupportedInterfaceOrientations_iPhone = "UIInterfaceOrientationPortrait UIInterfaceOrientationLandscapeLeft UIInterfaceOrientationLandscapeRight";
				IPHONEOS_DEPLOYMENT_TARGET = 14.0;
				LD_RUNPATH_SEARCH_PATHS = (
					"$(inherited)",
					"@executable_path/Frameworks",
				);
				MARKETING_VERSION = 1.0;
				PRODUCT_BUNDLE_IDENTIFIER = "WeatherAppSwiftUI-Combine.app";
				PRODUCT_NAME = "$(TARGET_NAME)";
				SWIFT_EMIT_LOC_STRINGS = YES;
				SWIFT_VERSION = 5.0;
				TARGETED_DEVICE_FAMILY = "1,2";
			};
			name = Release;
		};
		6B6847B02773347A00149757 /* Debug */ = {
			isa = XCBuildConfiguration;
			buildSettings = {
				BUNDLE_LOADER = "$(TEST_HOST)";
				CODE_SIGN_STYLE = Automatic;
				CURRENT_PROJECT_VERSION = 1;
				DEVELOPMENT_TEAM = XWJ7U5B2BL;
				GENERATE_INFOPLIST_FILE = YES;
				MARKETING_VERSION = 1.0;
				PRODUCT_BUNDLE_IDENTIFIER = "WeatherAppSwiftUI-CombineTests.tests.WeatherAppSwiftUI-CombineTests";
				PRODUCT_NAME = "$(TARGET_NAME)";
				SWIFT_EMIT_LOC_STRINGS = NO;
				SWIFT_VERSION = 5.0;
				TARGETED_DEVICE_FAMILY = "1,2";
				TEST_HOST = "$(BUILT_PRODUCTS_DIR)/WeatherAppSwiftUI+Combine.app/WeatherAppSwiftUI+Combine";
			};
			name = Debug;
		};
		6B6847B12773347A00149757 /* Release */ = {
			isa = XCBuildConfiguration;
			buildSettings = {
				BUNDLE_LOADER = "$(TEST_HOST)";
				CODE_SIGN_STYLE = Automatic;
				CURRENT_PROJECT_VERSION = 1;
				DEVELOPMENT_TEAM = XWJ7U5B2BL;
				GENERATE_INFOPLIST_FILE = YES;
				MARKETING_VERSION = 1.0;
				PRODUCT_BUNDLE_IDENTIFIER = "WeatherAppSwiftUI-CombineTests.tests.WeatherAppSwiftUI-CombineTests";
				PRODUCT_NAME = "$(TARGET_NAME)";
				SWIFT_EMIT_LOC_STRINGS = NO;
				SWIFT_VERSION = 5.0;
				TARGETED_DEVICE_FAMILY = "1,2";
				TEST_HOST = "$(BUILT_PRODUCTS_DIR)/WeatherAppSwiftUI+Combine.app/WeatherAppSwiftUI+Combine";
			};
			name = Release;
		};
/* End XCBuildConfiguration section */

/* Begin XCConfigurationList section */
		6B1E0717277127A500276230 /* Build configuration list for PBXProject "WeatherAppSwiftUI+Combine" */ = {
			isa = XCConfigurationList;
			buildConfigurations = (
				6B1E0743277127A700276230 /* Debug */,
				6B1E0744277127A700276230 /* Release */,
			);
			defaultConfigurationIsVisible = 0;
			defaultConfigurationName = Release;
		};
		6B1E0745277127A700276230 /* Build configuration list for PBXNativeTarget "WeatherAppSwiftUI+Combine" */ = {
			isa = XCConfigurationList;
			buildConfigurations = (
				6B1E0746277127A700276230 /* Debug */,
				6B1E0747277127A700276230 /* Release */,
			);
			defaultConfigurationIsVisible = 0;
			defaultConfigurationName = Release;
		};
		6B6847AF2773347A00149757 /* Build configuration list for PBXNativeTarget "WeatherAppSwiftUI+CombineTests" */ = {
			isa = XCConfigurationList;
			buildConfigurations = (
				6B6847B02773347A00149757 /* Debug */,
				6B6847B12773347A00149757 /* Release */,
			);
			defaultConfigurationIsVisible = 0;
			defaultConfigurationName = Release;
		};
/* End XCConfigurationList section */

/* Begin XCVersionGroup section */
		6B1E0750277128FB00276230 /* CoreData.xcdatamodeld */ = {
			isa = XCVersionGroup;
			children = (
				6B1E0751277128FB00276230 /* CoreData.xcdatamodel */,
			);
			currentVersion = 6B1E0751277128FB00276230 /* CoreData.xcdatamodel */;
			path = CoreData.xcdatamodeld;
			sourceTree = "<group>";
			versionGroupType = wrapper.xcdatamodel;
		};
/* End XCVersionGroup section */
	};
	rootObject = 6B1E0714277127A500276230 /* Project object */;
}
